github.com/joho/godotenv v1.4.0 h1:3l4+N6zfMWnkbPEXKng2o2/MR5mSwTrBih4ZEkkz1lg=
github.com/joho/godotenv v1.4.0/go.mod h1:f4LDr5Voq0i2e/R5DDNOoa2zzDfwtkZa6DnEwAbqwq4=
github.com/veqryn/go-email v0.0.0-20200124140746-a72ac14e358c h1:H9F/kPFM7UY+c8XGAZsxEj2OiFrTuQ4xn1t24aW9Nnk=
github.com/veqryn/go-email v0.0.0-20200124140746-a72ac14e358c/go.mod h1:/wkXUpcdIFR3mp0fMes97u0UtjtbrdJ9WbBZ1IjsfEc=
